dependencies:
- name: gateway
  repository: s3://athena-pre-helm-charts/stable/athena/
  version: 1.0.3
- name: tnxhubservice
  repository: s3://athena-pre-helm-charts/stable/athena/
  version: 1.0.1
- name: routingservice
  repository: s3://athena-pre-helm-charts/stable/athena/
  version: 1.0.1
- name: geocodeservice
  repository: s3://athena-pre-helm-charts/stable/athena/
  version: 1.0.1
- name: importingservice
  repository: s3://athena-pre-helm-charts/stable/athena/
  version: 1.0.1
- name: plannedrolloverservice
  repository: s3://athena-pre-helm-charts/stable/athena/
  version: 1.0.1
- name: reportservice
  repository: s3://athena-pre-helm-charts/stable/athena/
  version: 1.0.1
- name: geoserverservice
  repository: s3://athena-pre-helm-charts/stable/athena/
  version: 1.0.1
- name: overlayservice
  repository: s3://athena-pre-helm-charts/stable/athena/
  version: 1.0.1
- name: aggregateservice
  repository: s3://athena-pre-helm-charts/stable/athena/
  version: 1.0.1
- name: rresservice
  repository: s3://athena-pre-helm-charts/stable/athena/
  version: 1.0.1
- name: routingmigration
  repository: s3://athena-pre-helm-charts/stable/athena/
  version: 1.0.1
- name: routingmigration
  repository: s3://athena-pre-helm-charts/stable/athena/
  version: 1.0.1
- name: ivinservice
  repository: s3://athena-pre-helm-charts/stable/athena/
  version: 1.0.1
- name: geocalculationservice
  repository: s3://athena-pre-helm-charts/stable/athena/
  version: 1.0.1
- name: edtaservice
  repository: s3://athena-pre-helm-charts/stable/athena/
  version: 1.0.1
- name: specialneeds
  repository: s3://athena-pre-helm-charts/stable/athena/
  version: 0.0.1
digest: sha256:1b72d3a2ed2558d91f541afc3dee7cf76863415f1d1521345c7f233f7e61b74f
generated: "2021-09-08T15:23:53.535705+07:00"
